<Solution>
  <Folder Name="/src/">
    <Project Path="src/CBMSB2BLink.Console/CBMSB2BLink.Console.csproj" />
    <Project Path="src/CBMSB2BLink.Core/CBMSB2BLink.Core.csproj" />
    <Project Path="src/CBMSB2BLink.Data/CBMSB2BLink.Data.csproj" />
    <Project Path="src/CBMSB2BLink.Monitoring.Api/CBMSB2BLink.Monitoring.Api.csproj" />
    <Project Path="src/CBMSB2BLink.Tests/CBMSB2BLink.Tests.csproj" />
  </Folder>
</Solution>
